
Microsoft Visual Studio Solution File, Format Version 12.00
# Visual Studio Version 17
VisualStudioVersion = 17.6.33717.318
MinimumVisualStudioVersion = 10.0.40219.1
Project("{FAE04EC0-301F-11D3-BF4B-00C04F79EFBC}") = "CSharp-StackAndQueue", "CSharp-StackAndQueue\CSharp-StackAndQueue.csproj", "{0034373C-7124-4BFA-94E2-88FA23FC223A}"
EndProject
Global
	GlobalSection(SolutionConfigurationPlatforms) = preSolution
		Debug|Any CPU = Debug|Any CPU
		Release|Any CPU = Release|Any CPU
	EndGlobalSection
	GlobalSection(ProjectConfigurationPlatforms) = postSolution
		{0034373C-7124-4BFA-94E2-88FA23FC223A}.Debug|Any CPU.ActiveCfg = Debug|Any CPU
		{0034373C-7124-4BFA-94E2-88FA23FC223A}.Debug|Any CPU.Build.0 = Debug|Any CPU
		{0034373C-7124-4BFA-94E2-88FA23FC223A}.Release|Any CPU.ActiveCfg = Release|Any CPU
		{0034373C-7124-4BFA-94E2-88FA23FC223A}.Release|Any CPU.Build.0 = Release|Any CPU
	EndGlobalSection
	GlobalSection(SolutionProperties) = preSolution
		HideSolutionNode = FALSE
	EndGlobalSection
	GlobalSection(ExtensibilityGlobals) = postSolution
		SolutionGuid = {28DF076F-20D0-4E62-96DB-5B89C68320A0}
	EndGlobalSection
EndGlobal
